
Microsoft Visual Studio Solution File, Format Version 12.00
# Visual Studio 15
VisualStudioVersion = 15.0.28307.489
MinimumVisualStudioVersion = 10.0.40219.1
Project("{9A19103F-16F7-4668-BE54-9A1E7A4F7556}") = "ConsoleApplications", "ConsoleApplications\ConsoleApplications.csproj", "{8DFE7EDD-55ED-43F6-92A1-FE492CA1B915}"
EndProject
Project("{FAE04EC0-301F-11D3-BF4B-00C04F79EFBC}") = "WebBlog", "WebBlog\WebBlog.csproj", "{9702392B-332C-4133-93A7-DCB57FCECFDE}"
EndProject
Project("{FAE04EC0-301F-11D3-BF4B-00C04F79EFBC}") = "WebTradingApp", "WebTradingApp\WebTradingApp.csproj", "{C53C01E1-6BB2-43D5-B1C3-DFC3F9D9B4BF}"
EndProject
Project("{FAE04EC0-301F-11D3-BF4B-00C04F79EFBC}") = "Recursion", "Recursion\Recursion.csproj", "{0F4919BB-3CF2-4BFA-BE9F-B7B84D28F273}"
EndProject
Global
	GlobalSection(SolutionConfigurationPlatforms) = preSolution
		Debug|Any CPU = Debug|Any CPU
		Release|Any CPU = Release|Any CPU
	EndGlobalSection
	GlobalSection(ProjectConfigurationPlatforms) = postSolution
		{8DFE7EDD-55ED-43F6-92A1-FE492CA1B915}.Debug|Any CPU.ActiveCfg = Debug|Any CPU
		{8DFE7EDD-55ED-43F6-92A1-FE492CA1B915}.Debug|Any CPU.Build.0 = Debug|Any CPU
		{8DFE7EDD-55ED-43F6-92A1-FE492CA1B915}.Release|Any CPU.ActiveCfg = Release|Any CPU
		{8DFE7EDD-55ED-43F6-92A1-FE492CA1B915}.Release|Any CPU.Build.0 = Release|Any CPU
		{9702392B-332C-4133-93A7-DCB57FCECFDE}.Debug|Any CPU.ActiveCfg = Debug|Any CPU
		{9702392B-332C-4133-93A7-DCB57FCECFDE}.Debug|Any CPU.Build.0 = Debug|Any CPU
		{9702392B-332C-4133-93A7-DCB57FCECFDE}.Release|Any CPU.ActiveCfg = Release|Any CPU
		{9702392B-332C-4133-93A7-DCB57FCECFDE}.Release|Any CPU.Build.0 = Release|Any CPU
		{C53C01E1-6BB2-43D5-B1C3-DFC3F9D9B4BF}.Debug|Any CPU.ActiveCfg = Debug|Any CPU
		{C53C01E1-6BB2-43D5-B1C3-DFC3F9D9B4BF}.Debug|Any CPU.Build.0 = Debug|Any CPU
		{C53C01E1-6BB2-43D5-B1C3-DFC3F9D9B4BF}.Release|Any CPU.ActiveCfg = Release|Any CPU
		{C53C01E1-6BB2-43D5-B1C3-DFC3F9D9B4BF}.Release|Any CPU.Build.0 = Release|Any CPU
		{0F4919BB-3CF2-4BFA-BE9F-B7B84D28F273}.Debug|Any CPU.ActiveCfg = Debug|Any CPU
		{0F4919BB-3CF2-4BFA-BE9F-B7B84D28F273}.Debug|Any CPU.Build.0 = Debug|Any CPU
		{0F4919BB-3CF2-4BFA-BE9F-B7B84D28F273}.Release|Any CPU.ActiveCfg = Release|Any CPU
		{0F4919BB-3CF2-4BFA-BE9F-B7B84D28F273}.Release|Any CPU.Build.0 = Release|Any CPU
	EndGlobalSection
	GlobalSection(SolutionProperties) = preSolution
		HideSolutionNode = FALSE
	EndGlobalSection
	GlobalSection(ExtensibilityGlobals) = postSolution
		SolutionGuid = {04846AE5-5341-40E7-B4A0-B17451CF4991}
	EndGlobalSection
EndGlobal
